
Microsoft Visual Studio Solution File, Format Version 12.00
# Visual Studio Version 17
VisualStudioVersion = 17.13.35913.81 d17.13
MinimumVisualStudioVersion = 10.0.40219.1
Project("{888888A0-9F3D-457C-B088-3A5042F75D52}") = "moving object detection", "moving object detection.pyproj", "{78E5AAF8-238F-4BEA-9920-DD424AAD0300}"
EndProject
Global
	GlobalSection(SolutionConfigurationPlatforms) = preSolution
		Debug|Any CPU = Debug|Any CPU
		Release|Any CPU = Release|Any CPU
	EndGlobalSection
	GlobalSection(ProjectConfigurationPlatforms) = postSolution
		{78E5AAF8-238F-4BEA-9920-DD424AAD0300}.Debug|Any CPU.ActiveCfg = Debug|Any CPU
		{78E5AAF8-238F-4BEA-9920-DD424AAD0300}.Release|Any CPU.ActiveCfg = Release|Any CPU
	EndGlobalSection
	GlobalSection(SolutionProperties) = preSolution
		HideSolutionNode = FALSE
	EndGlobalSection
	GlobalSection(ExtensibilityGlobals) = postSolution
		SolutionGuid = {E3B3918E-9D79-447B-849F-D7CB3F7BFB2C}
	EndGlobalSection
EndGlobal
